github.com/barklan/hugo-dead-simple v1.75.46 h1:HV+tei3xvTJQ+kelNUE4pejzuSma3/E0Sp9KCC7pRKo=
github.com/barklan/hugo-dead-simple v1.75.46/go.mod h1:Ql5njM3SwZWMqWD1bt6UQoebKHIuRt37HeEkiWMUxXo=
github.com/barklan/hugo-dead-simple v1.75.48 h1:+UyUiQkqI1TlYMg1GuVd2X2B0u8obEee6qPBtbD2TtU=
github.com/barklan/hugo-dead-simple v1.75.48/go.mod h1:Ql5njM3SwZWMqWD1bt6UQoebKHIuRt37HeEkiWMUxXo=
